// !$*UTF8*$!
{
	archiveVersion = 1;
	classes = {
	};
	objectVersion = 48;
	objects = {

/* Begin PBXBuildFile section */
		ADE80DDD20213CBA007ACB6E /* AppDelegate.swift in Sources */ = {isa = PBXBuildFile; fileRef = ADE80DDC20213CBA007ACB6E /* AppDelegate.swift */; };
		ADE80DDF20213CBA007ACB6E /* ViewController.swift in Sources */ = {isa = PBXBuildFile; fileRef = ADE80DDE20213CBA007ACB6E /* ViewController.swift */; };
		ADE80DE220213CBA007ACB6E /* Main.storyboard in Resources */ = {isa = PBXBuildFile; fileRef = ADE80DE020213CBA007ACB6E /* Main.storyboard */; };
		ADE80DE420213CBA007ACB6E /* Assets.xcassets in Resources */ = {isa = PBXBuildFile; fileRef = ADE80DE320213CBA007ACB6E /* Assets.xcassets */; };
		ADE80DE720213CBA007ACB6E /* LaunchScreen.storyboard in Resources */ = {isa = PBXBuildFile; fileRef = ADE80DE520213CBA007ACB6E /* LaunchScreen.storyboard */; };
		ADE80DF220213CBA007ACB6E /* BasicCalculatorTests.swift in Sources */ = {isa = PBXBuildFile; fileRef = ADE80DF120213CBA007ACB6E /* BasicCalculatorTests.swift */; };
		ADE80DFD20213CBA007ACB6E /* BasicCalculatorUITests.swift in Sources */ = {isa = PBXBuildFile; fileRef = ADE80DFC20213CBA007ACB6E /* BasicCalculatorUITests.swift */; };
/* End PBXBuildFile section */

/* Begin PBXContainerItemProxy section */
		ADE80DEE20213CBA007ACB6E /* PBXContainerItemProxy */ = {
			isa = PBXContainerItemProxy;
			containerPortal = ADE80DD120213CBA007ACB6E /* Project object */;
			proxyType = 1;
			remoteGlobalIDString = ADE80DD820213CBA007ACB6E;
			remoteInfo = BasicCalculator;
		};
		ADE80DF920213CBA007ACB6E /* PBXContainerItemProxy */ = {
			isa = PBXContainerItemProxy;
			containerPortal = ADE80DD120213CBA007ACB6E /* Project object */;
			proxyType = 1;
			remoteGlobalIDString = ADE80DD820213CBA007ACB6E;
			remoteInfo = BasicCalculator;
		};
/* End PBXContainerItemProxy section */

/* Begin PBXFileReference section */
		ADE80DD920213CBA007ACB6E /* BasicCalculator.app */ = {isa = PBXFileReference; explicitFileType = wrapper.application; includeInIndex = 0; path = BasicCalculator.app; sourceTree = BUILT_PRODUCTS_DIR; };
		ADE80DDC20213CBA007ACB6E /* AppDelegate.swift */ = {isa = PBXFileReference; lastKnownFileType = sourcecode.swift; path = AppDelegate.swift; sourceTree = "<group>"; };
		ADE80DDE20213CBA007ACB6E /* ViewController.swift */ = {isa = PBXFileReference; lastKnownFileType = sourcecode.swift; path = ViewController.swift; sourceTree = "<group>"; };
		ADE80DE120213CBA007ACB6E /* Base */ = {isa = PBXFileReference; lastKnownFileType = file.storyboard; name = Base; path = Base.lproj/Main.storyboard; sourceTree = "<group>"; };
		ADE80DE320213CBA007ACB6E /* Assets.xcassets */ = {isa = PBXFileReference; lastKnownFileType = folder.assetcatalog; path = Assets.xcassets; sourceTree = "<group>"; };
		ADE80DE620213CBA007ACB6E /* Base */ = {isa = PBXFileReference; lastKnownFileType = file.storyboard; name = Base; path = Base.lproj/LaunchScreen.storyboard; sourceTree = "<group>"; };
		ADE80DE820213CBA007ACB6E /* Info.plist */ = {isa = PBXFileReference; lastKnownFileType = text.plist.xml; path = Info.plist; sourceTree = "<group>"; };
		ADE80DED20213CBA007ACB6E /* BasicCalculatorTests.xctest */ = {isa = PBXFileReference; explicitFileType = wrapper.cfbundle; includeInIndex = 0; path = BasicCalculatorTests.xctest; sourceTree = BUILT_PRODUCTS_DIR; };
		ADE80DF120213CBA007ACB6E /* BasicCalculatorTests.swift */ = {isa = PBXFileReference; lastKnownFileType = sourcecode.swift; path = BasicCalculatorTests.swift; sourceTree = "<group>"; };
		ADE80DF320213CBA007ACB6E /* Info.plist */ = {isa = PBXFileReference; lastKnownFileType = text.plist.xml; path = Info.plist; sourceTree = "<group>"; };
		ADE80DF820213CBA007ACB6E /* BasicCalculatorUITests.xctest */ = {isa = PBXFileReference; explicitFileType = wrapper.cfbundle; includeInIndex = 0; path = BasicCalculatorUITests.xctest; sourceTree = BUILT_PRODUCTS_DIR; };
		ADE80DFC20213CBA007ACB6E /* BasicCalculatorUITests.swift */ = {isa = PBXFileReference; lastKnownFileType = sourcecode.swift; path = BasicCalculatorUITests.swift; sourceTree = "<group>"; };
		ADE80DFE20213CBA007ACB6E /* Info.plist */ = {isa = PBXFileReference; lastKnownFileType = text.plist.xml; path = Info.plist; sourceTree = "<group>"; };
/* End PBXFileReference section */

/* Begin PBXFrameworksBuildPhase section */
		ADE80DD620213CBA007ACB6E /* Frameworks */ = {
			isa = PBXFrameworksBuildPhase;
			buildActionMask = 2147483647;
			files = (
			);
			runOnlyForDeploymentPostprocessing = 0;
		};
		ADE80DEA20213CBA007ACB6E /* Frameworks */ = {
			isa = PBXFrameworksBuildPhase;
			buildActionMask = 2147483647;
			files = (
			);
			runOnlyForDeploymentPostprocessing = 0;
		};
		ADE80DF520213CBA007ACB6E /* Frameworks */ = {
			isa = PBXFrameworksBuildPhase;
			buildActionMask = 2147483647;
			files = (
			);
			runOnlyForDeploymentPostprocessing = 0;
		};
/* End PBXFrameworksBuildPhase section */

/* Begin PBXGroup section */
		ADE80DD020213CBA007ACB6E = {
			isa = PBXGroup;
			children = (
				ADE80DDB20213CBA007ACB6E /* BasicCalculator */,
				ADE80DF020213CBA007ACB6E /* BasicCalculatorTests */,
				ADE80DFB20213CBA007ACB6E /* BasicCalculatorUITests */,
				ADE80DDA20213CBA007ACB6E /* Products */,
			);
			sourceTree = "<group>";
		};
		ADE80DDA20213CBA007ACB6E /* Products */ = {
			isa = PBXGroup;
			children = (
				ADE80DD920213CBA007ACB6E /* BasicCalculator.app */,
				ADE80DED20213CBA007ACB6E /* BasicCalculatorTests.xctest */,
				ADE80DF820213CBA007ACB6E /* BasicCalculatorUITests.xctest */,
			);
			name = Products;
			sourceTree = "<group>";
		};
		ADE80DDB20213CBA007ACB6E /* BasicCalculator */ = {
			isa = PBXGroup;
			children = (
				ADE80DDC20213CBA007ACB6E /* AppDelegate.swift */,
				ADE80DDE20213CBA007ACB6E /* ViewController.swift */,
				ADE80DE020213CBA007ACB6E /* Main.storyboard */,
				ADE80DE320213CBA007ACB6E /* Assets.xcassets */,
				ADE80DE520213CBA007ACB6E /* LaunchScreen.storyboard */,
				ADE80DE820213CBA007ACB6E /* Info.plist */,
			);
			path = BasicCalculator;
			sourceTree = "<group>";
		};
		ADE80DF020213CBA007ACB6E /* BasicCalculatorTests */ = {
			isa = PBXGroup;
			children = (
				ADE80DF120213CBA007ACB6E /* BasicCalculatorTests.swift */,
				ADE80DF320213CBA007ACB6E /* Info.plist */,
			);
			path = BasicCalculatorTests;
			sourceTree = "<group>";
		};
		ADE80DFB20213CBA007ACB6E /* BasicCalculatorUITests */ = {
			isa = PBXGroup;
			children = (
				ADE80DFC20213CBA007ACB6E /* BasicCalculatorUITests.swift */,
				ADE80DFE20213CBA007ACB6E /* Info.plist */,
			);
			path = BasicCalculatorUITests;
			sourceTree = "<group>";
		};
/* End PBXGroup section */

/* Begin PBXNativeTarget section */
		ADE80DD820213CBA007ACB6E /* BasicCalculator */ = {
			isa = PBXNativeTarget;
			buildConfigurationList = ADE80E0120213CBA007ACB6E /* Build configuration list for PBXNativeTarget "BasicCalculator" */;
			buildPhases = (
				ADE80DD520213CBA007ACB6E /* Sources */,
				ADE80DD620213CBA007ACB6E /* Frameworks */,
				ADE80DD720213CBA007ACB6E /* Resources */,
			);
			buildRules = (
			);
			dependencies = (
			);
			name = BasicCalculator;
			productName = BasicCalculator;
			productReference = ADE80DD920213CBA007ACB6E /* BasicCalculator.app */;
			productType = "com.apple.product-type.application";
		};
		ADE80DEC20213CBA007ACB6E /* BasicCalculatorTests */ = {
			isa = PBXNativeTarget;
			buildConfigurationList = ADE80E0420213CBA007ACB6E /* Build configuration list for PBXNativeTarget "BasicCalculatorTests" */;
			buildPhases = (
				ADE80DE920213CBA007ACB6E /* Sources */,
				ADE80DEA20213CBA007ACB6E /* Frameworks */,
				ADE80DEB20213CBA007ACB6E /* Resources */,
			);
			buildRules = (
			);
			dependencies = (
				ADE80DEF20213CBA007ACB6E /* PBXTargetDependency */,
			);
			name = BasicCalculatorTests;
			productName = BasicCalculatorTests;
			productReference = ADE80DED20213CBA007ACB6E /* BasicCalculatorTests.xctest */;
			productType = "com.apple.product-type.bundle.unit-test";
		};
		ADE80DF720213CBA007ACB6E /* BasicCalculatorUITests */ = {
			isa = PBXNativeTarget;
			buildConfigurationList = ADE80E0720213CBA007ACB6E /* Build configuration list for PBXNativeTarget "BasicCalculatorUITests" */;
			buildPhases = (
				ADE80DF420213CBA007ACB6E /* Sources */,
				ADE80DF520213CBA007ACB6E /* Frameworks */,
				ADE80DF620213CBA007ACB6E /* Resources */,
			);
			buildRules = (
			);
			dependencies = (
				ADE80DFA20213CBA007ACB6E /* PBXTargetDependency */,
			);
			name = BasicCalculatorUITests;
			productName = BasicCalculatorUITests;
			productReference = ADE80DF820213CBA007ACB6E /* BasicCalculatorUITests.xctest */;
			productType = "com.apple.product-type.bundle.ui-testing";
		};
/* End PBXNativeTarget section */

/* Begin PBXProject section */
		ADE80DD120213CBA007ACB6E /* Project object */ = {
			isa = PBXProject;
			attributes = {
				LastSwiftUpdateCheck = 0920;
				LastUpgradeCheck = 0920;
				ORGANIZATIONNAME = "GÜRSES";
				TargetAttributes = {
					ADE80DD820213CBA007ACB6E = {
						CreatedOnToolsVersion = 9.2;
						ProvisioningStyle = Automatic;
					};
					ADE80DEC20213CBA007ACB6E = {
						CreatedOnToolsVersion = 9.2;
						ProvisioningStyle = Automatic;
						TestTargetID = ADE80DD820213CBA007ACB6E;
					};
					ADE80DF720213CBA007ACB6E = {
						CreatedOnToolsVersion = 9.2;
						ProvisioningStyle = Automatic;
						TestTargetID = ADE80DD820213CBA007ACB6E;
					};
				};
			};
			buildConfigurationList = ADE80DD420213CBA007ACB6E /* Build configuration list for PBXProject "BasicCalculator" */;
			compatibilityVersion = "Xcode 8.0";
			developmentRegion = en;
			hasScannedForEncodings = 0;
			knownRegions = (
				en,
				Base,
			);
			mainGroup = ADE80DD020213CBA007ACB6E;
			productRefGroup = ADE80DDA20213CBA007ACB6E /* Products */;
			projectDirPath = "";
			projectRoot = "";
			targets = (
				ADE80DD820213CBA007ACB6E /* BasicCalculator */,
				ADE80DEC20213CBA007ACB6E /* BasicCalculatorTests */,
				ADE80DF720213CBA007ACB6E /* BasicCalculatorUITests */,
			);
		};
/* End PBXProject section */

/* Begin PBXResourcesBuildPhase section */
		ADE80DD720213CBA007ACB6E /* Resources */ = {
			isa = PBXResourcesBuildPhase;
			buildActionMask = 2147483647;
			files = (
				ADE80DE720213CBA007ACB6E /* LaunchScreen.storyboard in Resources */,
				ADE80DE420213CBA007ACB6E /* Assets.xcassets in Resources */,
				ADE80DE220213CBA007ACB6E /* Main.storyboard in Resources */,
			);
			runOnlyForDeploymentPostprocessing = 0;
		};
		ADE80DEB20213CBA007ACB6E /* Resources */ = {
			isa = PBXResourcesBuildPhase;
			buildActionMask = 2147483647;
			files = (
			);
			runOnlyForDeploymentPostprocessing = 0;
		};
		ADE80DF620213CBA007ACB6E /* Resources */ = {
			isa = PBXResourcesBuildPhase;
			buildActionMask = 2147483647;
			files = (
			);
			runOnlyForDeploymentPostprocessing = 0;
		};
/* End PBXResourcesBuildPhase section */

/* Begin PBXSourcesBuildPhase section */
		ADE80DD520213CBA007ACB6E /* Sources */ = {
			isa = PBXSourcesBuildPhase;
			buildActionMask = 2147483647;
			files = (
				ADE80DDF20213CBA007ACB6E /* ViewController.swift in Sources */,
				ADE80DDD20213CBA007ACB6E /* AppDelegate.swift in Sources */,
			);
			runOnlyForDeploymentPostprocessing = 0;
		};
		ADE80DE920213CBA007ACB6E /* Sources */ = {
			isa = PBXSourcesBuildPhase;
			buildActionMask = 2147483647;
			files = (
				ADE80DF220213CBA007ACB6E /* BasicCalculatorTests.swift in Sources */,
			);
			runOnlyForDeploymentPostprocessing = 0;
		};
		ADE80DF420213CBA007ACB6E /* Sources */ = {
			isa = PBXSourcesBuildPhase;
			buildActionMask = 2147483647;
			files = (
				ADE80DFD20213CBA007ACB6E /* BasicCalculatorUITests.swift in Sources */,
			);
			runOnlyForDeploymentPostprocessing = 0;
		};
/* End PBXSourcesBuildPhase section */

/* Begin PBXTargetDependency section */
		ADE80DEF20213CBA007ACB6E /* PBXTargetDependency */ = {
			isa = PBXTargetDependency;
			target = ADE80DD820213CBA007ACB6E /* BasicCalculator */;
			targetProxy = ADE80DEE20213CBA007ACB6E /* PBXContainerItemProxy */;
		};
		ADE80DFA20213CBA007ACB6E /* PBXTargetDependency */ = {
			isa = PBXTargetDependency;
			target = ADE80DD820213CBA007ACB6E /* BasicCalculator */;
			targetProxy = ADE80DF920213CBA007ACB6E /* PBXContainerItemProxy */;
		};
/* End PBXTargetDependency section */

/* Begin PBXVariantGroup section */
		ADE80DE020213CBA007ACB6E /* Main.storyboard */ = {
			isa = PBXVariantGroup;
			children = (
				ADE80DE120213CBA007ACB6E /* Base */,
			);
			name = Main.storyboard;
			sourceTree = "<group>";
		};
		ADE80DE520213CBA007ACB6E /* LaunchScreen.storyboard */ = {
			isa = PBXVariantGroup;
			children = (
				ADE80DE620213CBA007ACB6E /* Base */,
			);
			name = LaunchScreen.storyboard;
			sourceTree = "<group>";
		};
/* End PBXVariantGroup section */

/* Begin XCBuildConfiguration section */
		ADE80DFF20213CBA007ACB6E /* Debug */ = {
			isa = XCBuildConfiguration;
			buildSettings = {
				ALWAYS_SEARCH_USER_PATHS = NO;
				CLANG_ANALYZER_NONNULL = YES;
				CLANG_ANALYZER_NUMBER_OBJECT_CONVERSION = YES_AGGRESSIVE;
				CLANG_CXX_LANGUAGE_STANDARD = "gnu++14";
				CLANG_CXX_LIBRARY = "libc++";
				CLANG_ENABLE_MODULES = YES;
				CLANG_ENABLE_OBJC_ARC = YES;
				CLANG_WARN_BLOCK_CAPTURE_AUTORELEASING = YES;
				CLANG_WARN_BOOL_CONVERSION = YES;
				CLANG_WARN_COMMA = YES;
				CLANG_WARN_CONSTANT_CONVERSION = YES;
				CLANG_WARN_DIRECT_OBJC_ISA_USAGE = YES_ERROR;
				CLANG_WARN_DOCUMENTATION_COMMENTS = YES;
				CLANG_WARN_EMPTY_BODY = YES;
				CLANG_WARN_ENUM_CONVERSION = YES;
				CLANG_WARN_INFINITE_RECURSION = YES;
				CLANG_WARN_INT_CONVERSION = YES;
				CLANG_WARN_NON_LITERAL_NULL_CONVERSION = YES;
				CLANG_WARN_OBJC_LITERAL_CONVERSION = YES;
				CLANG_WARN_OBJC_ROOT_CLASS = YES_ERROR;
				CLANG_WARN_RANGE_LOOP_ANALYSIS = YES;
				CLANG_WARN_STRICT_PROTOTYPES = YES;
				CLANG_WARN_SUSPICIOUS_MOVE = YES;
				CLANG_WARN_UNGUARDED_AVAILABILITY = YES_AGGRESSIVE;
				CLANG_WARN_UNREACHABLE_CODE = YES;
				CLANG_WARN__DUPLICATE_METHOD_MATCH = YES;
				CODE_SIGN_IDENTITY = "iPhone Developer";
				COPY_PHASE_STRIP = NO;
				DEBUG_INFORMATION_FORMAT = dwarf;
				ENABLE_STRICT_OBJC_MSGSEND = YES;
				ENABLE_TESTABILITY = YES;
				GCC_C_LANGUAGE_STANDARD = gnu11;
				GCC_DYNAMIC_NO_PIC = NO;
				GCC_NO_COMMON_BLOCKS = YES;
				GCC_OPTIMIZATION_LEVEL = 0;
				GCC_PREPROCESSOR_DEFINITIONS = (
					"DEBUG=1",
					"$(inherited)",
				);
				GCC_WARN_64_TO_32_BIT_CONVERSION = YES;
				GCC_WARN_ABOUT_RETURN_TYPE = YES_ERROR;
				GCC_WARN_UNDECLARED_SELECTOR = YES;
				GCC_WARN_UNINITIALIZED_AUTOS = YES_AGGRESSIVE;
				GCC_WARN_UNUSED_FUNCTION = YES;
				GCC_WARN_UNUSED_VARIABLE = YES;
				IPHONEOS_DEPLOYMENT_TARGET = 11.2;
				MTL_ENABLE_DEBUG_INFO = YES;
				ONLY_ACTIVE_ARCH = YES;
				SDKROOT = iphoneos;
				SWIFT_ACTIVE_COMPILATION_CONDITIONS = DEBUG;
				SWIFT_OPTIMIZATION_LEVEL = "-Onone";
			};
			name = Debug;
		};
		ADE80E0020213CBA007ACB6E /* Release */ = {
			isa = XCBuildConfiguration;
			buildSettings = {
				ALWAYS_SEARCH_USER_PATHS = NO;
				CLANG_ANALYZER_NONNULL = YES;
				CLANG_ANALYZER_NUMBER_OBJECT_CONVERSION = YES_AGGRESSIVE;
				CLANG_CXX_LANGUAGE_STANDARD = "gnu++14";
				CLANG_CXX_LIBRARY = "libc++";
				CLANG_ENABLE_MODULES = YES;
				CLANG_ENABLE_OBJC_ARC = YES;
				CLANG_WARN_BLOCK_CAPTURE_AUTORELEASING = YES;
				CLANG_WARN_BOOL_CONVERSION = YES;
				CLANG_WARN_COMMA = YES;
				CLANG_WARN_CONSTANT_CONVERSION = YES;
				CLANG_WARN_DIRECT_OBJC_ISA_USAGE = YES_ERROR;
				CLANG_WARN_DOCUMENTATION_COMMENTS = YES;
				CLANG_WARN_EMPTY_BODY = YES;
				CLANG_WARN_ENUM_CONVERSION = YES;
				CLANG_WARN_INFINITE_RECURSION = YES;
				CLANG_WARN_INT_CONVERSION = YES;
				CLANG_WARN_NON_LITERAL_NULL_CONVERSION = YES;
				CLANG_WARN_OBJC_LITERAL_CONVERSION = YES;
				CLANG_WARN_OBJC_ROOT_CLASS = YES_ERROR;
				CLANG_WARN_RANGE_LOOP_ANALYSIS = YES;
				CLANG_WARN_STRICT_PROTOTYPES = YES;
				CLANG_WARN_SUSPICIOUS_MOVE = YES;
				CLANG_WARN_UNGUARDED_AVAILABILITY = YES_AGGRESSIVE;
				CLANG_WARN_UNREACHABLE_CODE = YES;
				CLANG_WARN__DUPLICATE_METHOD_MATCH = YES;
				CODE_SIGN_IDENTITY = "iPhone Developer";
				COPY_PHASE_STRIP = NO;
				DEBUG_INFORMATION_FORMAT = "dwarf-with-dsym";
				ENABLE_NS_ASSERTIONS = NO;
				ENABLE_STRICT_OBJC_MSGSEND = YES;
				GCC_C_LANGUAGE_STANDARD = gnu11;
				GCC_NO_COMMON_BLOCKS = YES;
				GCC_WARN_64_TO_32_BIT_CONVERSION = YES;
				GCC_WARN_ABOUT_RETURN_TYPE = YES_ERROR;
				GCC_WARN_UNDECLARED_SELECTOR = YES;
				GCC_WARN_UNINITIALIZED_AUTOS = YES_AGGRESSIVE;
				GCC_WARN_UNUSED_FUNCTION = YES;
				GCC_WARN_UNUSED_VARIABLE = YES;
				IPHONEOS_DEPLOYMENT_TARGET = 11.2;
				MTL_ENABLE_DEBUG_INFO = NO;
				SDKROOT = iphoneos;
				SWIFT_OPTIMIZATION_LEVEL = "-Owholemodule";
				VALIDATE_PRODUCT = YES;
			};
			name = Release;
		};
		ADE80E0220213CBA007ACB6E /* Debug */ = {
			isa = XCBuildConfiguration;
			buildSettings = {
				ASSETCATALOG_COMPILER_APPICON_NAME = AppIcon;
				CODE_SIGN_STYLE = Automatic;
				DEVELOPMENT_TEAM = F2XAA5A2SB;
				INFOPLIST_FILE = BasicCalculator/Info.plist;
				LD_RUNPATH_SEARCH_PATHS = "$(inherited) @executable_path/Frameworks";
				PRODUCT_BUNDLE_IDENTIFIER = com.gurses.BasicCalculator;
				PRODUCT_NAME = "$(TARGET_NAME)";
				SWIFT_VERSION = 4.0;
				TARGETED_DEVICE_FAMILY = "1,2";
			};
			name = Debug;
		};
		ADE80E0320213CBA007ACB6E /* Release */ = {
			isa = XCBuildConfiguration;
			buildSettings = {
				ASSETCATALOG_COMPILER_APPICON_NAME = AppIcon;
				CODE_SIGN_STYLE = Automatic;
				DEVELOPMENT_TEAM = F2XAA5A2SB;
				INFOPLIST_FILE = BasicCalculator/Info.plist;
				LD_RUNPATH_SEARCH_PATHS = "$(inherited) @executable_path/Frameworks";
				PRODUCT_BUNDLE_IDENTIFIER = com.gurses.BasicCalculator;
				PRODUCT_NAME = "$(TARGET_NAME)";
				SWIFT_VERSION = 4.0;
				TARGETED_DEVICE_FAMILY = "1,2";
			};
			name = Release;
		};
		ADE80E0520213CBA007ACB6E /* Debug */ = {
			isa = XCBuildConfiguration;
			buildSettings = {
				ALWAYS_EMBED_SWIFT_STANDARD_LIBRARIES = YES;
				BUNDLE_LOADER = "$(TEST_HOST)";
				CODE_SIGN_STYLE = Automatic;
				DEVELOPMENT_TEAM = F2XAA5A2SB;
				INFOPLIST_FILE = BasicCalculatorTests/Info.plist;
				LD_RUNPATH_SEARCH_PATHS = "$(inherited) @executable_path/Frameworks @loader_path/Frameworks";
				PRODUCT_BUNDLE_IDENTIFIER = com.gurses.BasicCalculatorTests;
				PRODUCT_NAME = "$(TARGET_NAME)";
				SWIFT_VERSION = 4.0;
				TARGETED_DEVICE_FAMILY = "1,2";
				TEST_HOST = "$(BUILT_PRODUCTS_DIR)/BasicCalculator.app/BasicCalculator";
			};
			name = Debug;
		};
		ADE80E0620213CBA007ACB6E /* Release */ = {
			isa = XCBuildConfiguration;
			buildSettings = {
				ALWAYS_EMBED_SWIFT_STANDARD_LIBRARIES = YES;
				BUNDLE_LOADER = "$(TEST_HOST)";
				CODE_SIGN_STYLE = Automatic;
				DEVELOPMENT_TEAM = F2XAA5A2SB;
				INFOPLIST_FILE = BasicCalculatorTests/Info.plist;
				LD_RUNPATH_SEARCH_PATHS = "$(inherited) @executable_path/Frameworks @loader_path/Frameworks";
				PRODUCT_BUNDLE_IDENTIFIER = com.gurses.BasicCalculatorTests;
				PRODUCT_NAME = "$(TARGET_NAME)";
				SWIFT_VERSION = 4.0;
				TARGETED_DEVICE_FAMILY = "1,2";
				TEST_HOST = "$(BUILT_PRODUCTS_DIR)/BasicCalculator.app/BasicCalculator";
			};
			name = Release;
		};
		ADE80E0820213CBA007ACB6E /* Debug */ = {
			isa = XCBuildConfiguration;
			buildSettings = {
				ALWAYS_EMBED_SWIFT_STANDARD_LIBRARIES = YES;
				CODE_SIGN_STYLE = Automatic;
				DEVELOPMENT_TEAM = F2XAA5A2SB;
				INFOPLIST_FILE = BasicCalculatorUITests/Info.plist;
				LD_RUNPATH_SEARCH_PATHS = "$(inherited) @executable_path/Frameworks @loader_path/Frameworks";
				PRODUCT_BUNDLE_IDENTIFIER = com.gurses.BasicCalculatorUITests;
				PRODUCT_NAME = "$(TARGET_NAME)";
				SWIFT_VERSION = 4.0;
				TARGETED_DEVICE_FAMILY = "1,2";
				TEST_TARGET_NAME = BasicCalculator;
			};
			name = Debug;
		};
		ADE80E0920213CBA007ACB6E /* Release */ = {
			isa = XCBuildConfiguration;
			buildSettings = {
				ALWAYS_EMBED_SWIFT_STANDARD_LIBRARIES = YES;
				CODE_SIGN_STYLE = Automatic;
				DEVELOPMENT_TEAM = F2XAA5A2SB;
				INFOPLIST_FILE = BasicCalculatorUITests/Info.plist;
				LD_RUNPATH_SEARCH_PATHS = "$(inherited) @executable_path/Frameworks @loader_path/Frameworks";
				PRODUCT_BUNDLE_IDENTIFIER = com.gurses.BasicCalculatorUITests;
				PRODUCT_NAME = "$(TARGET_NAME)";
				SWIFT_VERSION = 4.0;
				TARGETED_DEVICE_FAMILY = "1,2";
				TEST_TARGET_NAME = BasicCalculator;
			};
			name = Release;
		};
/* End XCBuildConfiguration section */

/* Begin XCConfigurationList section */
		ADE80DD420213CBA007ACB6E /* Build configuration list for PBXProject "BasicCalculator" */ = {
			isa = XCConfigurationList;
			buildConfigurations = (
				ADE80DFF20213CBA007ACB6E /* Debug */,
				ADE80E0020213CBA007ACB6E /* Release */,
			);
			defaultConfigurationIsVisible = 0;
			defaultConfigurationName = Release;
		};
		ADE80E0120213CBA007ACB6E /* Build configuration list for PBXNativeTarget "BasicCalculator" */ = {
			isa = XCConfigurationList;
			buildConfigurations = (
				ADE80E0220213CBA007ACB6E /* Debug */,
				ADE80E0320213CBA007ACB6E /* Release */,
			);
			defaultConfigurationIsVisible = 0;
			defaultConfigurationName = Release;
		};
		ADE80E0420213CBA007ACB6E /* Build configuration list for PBXNativeTarget "BasicCalculatorTests" */ = {
			isa = XCConfigurationList;
			buildConfigurations = (
				ADE80E0520213CBA007ACB6E /* Debug */,
				ADE80E0620213CBA007ACB6E /* Release */,
			);
			defaultConfigurationIsVisible = 0;
			defaultConfigurationName = Release;
		};
		ADE80E0720213CBA007ACB6E /* Build configuration list for PBXNativeTarget "BasicCalculatorUITests" */ = {
			isa = XCConfigurationList;
			buildConfigurations = (
				ADE80E0820213CBA007ACB6E /* Debug */,
				ADE80E0920213CBA007ACB6E /* Release */,
			);
			defaultConfigurationIsVisible = 0;
			defaultConfigurationName = Release;
		};
/* End XCConfigurationList section */
	};
	rootObject = ADE80DD120213CBA007ACB6E /* Project object */;
}
